
Microsoft Visual Studio Solution File, Format Version 12.00
# Visual Studio 15
VisualStudioVersion = 15.0.28307.489
MinimumVisualStudioVersion = 10.0.40219.1
Project("{9A19103F-16F7-4668-BE54-9A1E7A4F7556}") = "eProdaja.WebAPI", "eProdaja.WebAPI\eProdaja.WebAPI.csproj", "{ADFAA677-028F-4F0A-A1A6-A96D91361C46}"
EndProject
Project("{2150E333-8FDC-42A3-9474-1A3956D46DE8}") = "UI", "UI", "{F9FB9305-5441-4CED-8F5E-B222C5A546F3}"
EndProject
Project("{FAE04EC0-301F-11D3-BF4B-00C04F79EFBC}") = "eProdaja.WinUI", "eProdaja.WinUI\eProdaja.WinUI.csproj", "{F0DAC35B-B511-4ABC-AC85-C3872D7B0B90}"
EndProject
Project("{9A19103F-16F7-4668-BE54-9A1E7A4F7556}") = "eProdaja.Model", "¸eProdaja.Model\eProdaja.Model.csproj", "{1CD45639-634A-42B0-8552-82E1C7597D43}"
EndProject
Project("{2150E333-8FDC-42A3-9474-1A3956D46DE8}") = "eProdaja.Mobile", "eProdaja.Mobile", "{645B5378-626F-4BCF-AD92-6DB2D5775DD6}"
EndProject
Project("{FAE04EC0-301F-11D3-BF4B-00C04F79EFBC}") = "eProdaja.MobileApp.Android", "eProdaja.MobileApp\eProdaja.MobileApp.Android\eProdaja.MobileApp.Android.csproj", "{24CE3C36-16B9-426D-AA0C-5961ECF8D88C}"
EndProject
Project("{FAE04EC0-301F-11D3-BF4B-00C04F79EFBC}") = "eProdaja.MobileApp.iOS", "eProdaja.MobileApp\eProdaja.MobileApp.iOS\eProdaja.MobileApp.iOS.csproj", "{CC5FDBD0-DD5E-4F8C-91F1-38126D2C3A5B}"
EndProject
Project("{FAE04EC0-301F-11D3-BF4B-00C04F79EFBC}") = "eProdaja.MobileApp.UWP", "eProdaja.MobileApp\eProdaja.MobileApp.UWP\eProdaja.MobileApp.UWP.csproj", "{9CE9891F-483A-427B-81E1-D28E3973E39F}"
EndProject
Project("{FAE04EC0-301F-11D3-BF4B-00C04F79EFBC}") = "eProdaja.MobileApp", "eProdaja.MobileApp\eProdaja.MobileApp\eProdaja.MobileApp.csproj", "{ADA5AD21-33F7-4AB3-B418-CE9E5FAD88D3}"
EndProject
Global
	GlobalSection(SolutionConfigurationPlatforms) = preSolution
		Debug|Any CPU = Debug|Any CPU
		Debug|ARM = Debug|ARM
		Debug|iPhone = Debug|iPhone
		Debug|iPhoneSimulator = Debug|iPhoneSimulator
		Debug|x64 = Debug|x64
		Debug|x86 = Debug|x86
		Release|Any CPU = Release|Any CPU
		Release|ARM = Release|ARM
		Release|iPhone = Release|iPhone
		Release|iPhoneSimulator = Release|iPhoneSimulator
		Release|x64 = Release|x64
		Release|x86 = Release|x86
	EndGlobalSection
	GlobalSection(ProjectConfigurationPlatforms) = postSolution
		{ADFAA677-028F-4F0A-A1A6-A96D91361C46}.Debug|Any CPU.ActiveCfg = Debug|Any CPU
		{ADFAA677-028F-4F0A-A1A6-A96D91361C46}.Debug|Any CPU.Build.0 = Debug|Any CPU
		{ADFAA677-028F-4F0A-A1A6-A96D91361C46}.Debug|ARM.ActiveCfg = Debug|Any CPU
		{ADFAA677-028F-4F0A-A1A6-A96D91361C46}.Debug|ARM.Build.0 = Debug|Any CPU
		{ADFAA677-028F-4F0A-A1A6-A96D91361C46}.Debug|iPhone.ActiveCfg = Debug|Any CPU
		{ADFAA677-028F-4F0A-A1A6-A96D91361C46}.Debug|iPhone.Build.0 = Debug|Any CPU
		{ADFAA677-028F-4F0A-A1A6-A96D91361C46}.Debug|iPhoneSimulator.ActiveCfg = Debug|Any CPU
		{ADFAA677-028F-4F0A-A1A6-A96D91361C46}.Debug|iPhoneSimulator.Build.0 = Debug|Any CPU
		{ADFAA677-028F-4F0A-A1A6-A96D91361C46}.Debug|x64.ActiveCfg = Debug|Any CPU
		{ADFAA677-028F-4F0A-A1A6-A96D91361C46}.Debug|x64.Build.0 = Debug|Any CPU
		{ADFAA677-028F-4F0A-A1A6-A96D91361C46}.Debug|x86.ActiveCfg = Debug|Any CPU
		{ADFAA677-028F-4F0A-A1A6-A96D91361C46}.Debug|x86.Build.0 = Debug|Any CPU
		{ADFAA677-028F-4F0A-A1A6-A96D91361C46}.Release|Any CPU.ActiveCfg = Release|Any CPU
		{ADFAA677-028F-4F0A-A1A6-A96D91361C46}.Release|Any CPU.Build.0 = Release|Any CPU
		{ADFAA677-028F-4F0A-A1A6-A96D91361C46}.Release|ARM.ActiveCfg = Release|Any CPU
		{ADFAA677-028F-4F0A-A1A6-A96D91361C46}.Release|ARM.Build.0 = Release|Any CPU
		{ADFAA677-028F-4F0A-A1A6-A96D91361C46}.Release|iPhone.ActiveCfg = Release|Any CPU
		{ADFAA677-028F-4F0A-A1A6-A96D91361C46}.Release|iPhone.Build.0 = Release|Any CPU
		{ADFAA677-028F-4F0A-A1A6-A96D91361C46}.Release|iPhoneSimulator.ActiveCfg = Release|Any CPU
		{ADFAA677-028F-4F0A-A1A6-A96D91361C46}.Release|iPhoneSimulator.Build.0 = Release|Any CPU
		{ADFAA677-028F-4F0A-A1A6-A96D91361C46}.Release|x64.ActiveCfg = Release|Any CPU
		{ADFAA677-028F-4F0A-A1A6-A96D91361C46}.Release|x64.Build.0 = Release|Any CPU
		{ADFAA677-028F-4F0A-A1A6-A96D91361C46}.Release|x86.ActiveCfg = Release|Any CPU
		{ADFAA677-028F-4F0A-A1A6-A96D91361C46}.Release|x86.Build.0 = Release|Any CPU
		{F0DAC35B-B511-4ABC-AC85-C3872D7B0B90}.Debug|Any CPU.ActiveCfg = Debug|Any CPU
		{F0DAC35B-B511-4ABC-AC85-C3872D7B0B90}.Debug|Any CPU.Build.0 = Debug|Any CPU
		{F0DAC35B-B511-4ABC-AC85-C3872D7B0B90}.Debug|ARM.ActiveCfg = Debug|Any CPU
		{F0DAC35B-B511-4ABC-AC85-C3872D7B0B90}.Debug|ARM.Build.0 = Debug|Any CPU
		{F0DAC35B-B511-4ABC-AC85-C3872D7B0B90}.Debug|iPhone.ActiveCfg = Debug|Any CPU
		{F0DAC35B-B511-4ABC-AC85-C3872D7B0B90}.Debug|iPhone.Build.0 = Debug|Any CPU
		{F0DAC35B-B511-4ABC-AC85-C3872D7B0B90}.Debug|iPhoneSimulator.ActiveCfg = Debug|Any CPU
		{F0DAC35B-B511-4ABC-AC85-C3872D7B0B90}.Debug|iPhoneSimulator.Build.0 = Debug|Any CPU
		{F0DAC35B-B511-4ABC-AC85-C3872D7B0B90}.Debug|x64.ActiveCfg = Debug|Any CPU
		{F0DAC35B-B511-4ABC-AC85-C3872D7B0B90}.Debug|x64.Build.0 = Debug|Any CPU
		{F0DAC35B-B511-4ABC-AC85-C3872D7B0B90}.Debug|x86.ActiveCfg = Debug|Any CPU
		{F0DAC35B-B511-4ABC-AC85-C3872D7B0B90}.Debug|x86.Build.0 = Debug|Any CPU
		{F0DAC35B-B511-4ABC-AC85-C3872D7B0B90}.Release|Any CPU.ActiveCfg = Release|Any CPU
		{F0DAC35B-B511-4ABC-AC85-C3872D7B0B90}.Release|Any CPU.Build.0 = Release|Any CPU
		{F0DAC35B-B511-4ABC-AC85-C3872D7B0B90}.Release|ARM.ActiveCfg = Release|Any CPU
		{F0DAC35B-B511-4ABC-AC85-C3872D7B0B90}.Release|ARM.Build.0 = Release|Any CPU
		{F0DAC35B-B511-4ABC-AC85-C3872D7B0B90}.Release|iPhone.ActiveCfg = Release|Any CPU
		{F0DAC35B-B511-4ABC-AC85-C3872D7B0B90}.Release|iPhone.Build.0 = Release|Any CPU
		{F0DAC35B-B511-4ABC-AC85-C3872D7B0B90}.Release|iPhoneSimulator.ActiveCfg = Release|Any CPU
		{F0DAC35B-B511-4ABC-AC85-C3872D7B0B90}.Release|iPhoneSimulator.Build.0 = Release|Any CPU
		{F0DAC35B-B511-4ABC-AC85-C3872D7B0B90}.Release|x64.ActiveCfg = Release|Any CPU
		{F0DAC35B-B511-4ABC-AC85-C3872D7B0B90}.Release|x64.Build.0 = Release|Any CPU
		{F0DAC35B-B511-4ABC-AC85-C3872D7B0B90}.Release|x86.ActiveCfg = Release|Any CPU
		{F0DAC35B-B511-4ABC-AC85-C3872D7B0B90}.Release|x86.Build.0 = Release|Any CPU
		{1CD45639-634A-42B0-8552-82E1C7597D43}.Debug|Any CPU.ActiveCfg = Debug|Any CPU
		{1CD45639-634A-42B0-8552-82E1C7597D43}.Debug|Any CPU.Build.0 = Debug|Any CPU
		{1CD45639-634A-42B0-8552-82E1C7597D43}.Debug|ARM.ActiveCfg = Debug|Any CPU
		{1CD45639-634A-42B0-8552-82E1C7597D43}.Debug|ARM.Build.0 = Debug|Any CPU
		{1CD45639-634A-42B0-8552-82E1C7597D43}.Debug|iPhone.ActiveCfg = Debug|Any CPU
		{1CD45639-634A-42B0-8552-82E1C7597D43}.Debug|iPhone.Build.0 = Debug|Any CPU
		{1CD45639-634A-42B0-8552-82E1C7597D43}.Debug|iPhoneSimulator.ActiveCfg = Debug|Any CPU
		{1CD45639-634A-42B0-8552-82E1C7597D43}.Debug|iPhoneSimulator.Build.0 = Debug|Any CPU
		{1CD45639-634A-42B0-8552-82E1C7597D43}.Debug|x64.ActiveCfg = Debug|Any CPU
		{1CD45639-634A-42B0-8552-82E1C7597D43}.Debug|x64.Build.0 = Debug|Any CPU
		{1CD45639-634A-42B0-8552-82E1C7597D43}.Debug|x86.ActiveCfg = Debug|Any CPU
		{1CD45639-634A-42B0-8552-82E1C7597D43}.Debug|x86.Build.0 = Debug|Any CPU
		{1CD45639-634A-42B0-8552-82E1C7597D43}.Release|Any CPU.ActiveCfg = Release|Any CPU
		{1CD45639-634A-42B0-8552-82E1C7597D43}.Release|Any CPU.Build.0 = Release|Any CPU
		{1CD45639-634A-42B0-8552-82E1C7597D43}.Release|ARM.ActiveCfg = Release|Any CPU
		{1CD45639-634A-42B0-8552-82E1C7597D43}.Release|ARM.Build.0 = Release|Any CPU
		{1CD45639-634A-42B0-8552-82E1C7597D43}.Release|iPhone.ActiveCfg = Release|Any CPU
		{1CD45639-634A-42B0-8552-82E1C7597D43}.Release|iPhone.Build.0 = Release|Any CPU
		{1CD45639-634A-42B0-8552-82E1C7597D43}.Release|iPhoneSimulator.ActiveCfg = Release|Any CPU
		{1CD45639-634A-42B0-8552-82E1C7597D43}.Release|iPhoneSimulator.Build.0 = Release|Any CPU
		{1CD45639-634A-42B0-8552-82E1C7597D43}.Release|x64.ActiveCfg = Release|Any CPU
		{1CD45639-634A-42B0-8552-82E1C7597D43}.Release|x64.Build.0 = Release|Any CPU
		{1CD45639-634A-42B0-8552-82E1C7597D43}.Release|x86.ActiveCfg = Release|Any CPU
		{1CD45639-634A-42B0-8552-82E1C7597D43}.Release|x86.Build.0 = Release|Any CPU
		{24CE3C36-16B9-426D-AA0C-5961ECF8D88C}.Debug|Any CPU.ActiveCfg = Debug|Any CPU
		{24CE3C36-16B9-426D-AA0C-5961ECF8D88C}.Debug|Any CPU.Build.0 = Debug|Any CPU
		{24CE3C36-16B9-426D-AA0C-5961ECF8D88C}.Debug|Any CPU.Deploy.0 = Debug|Any CPU
		{24CE3C36-16B9-426D-AA0C-5961ECF8D88C}.Debug|ARM.ActiveCfg = Debug|Any CPU
		{24CE3C36-16B9-426D-AA0C-5961ECF8D88C}.Debug|ARM.Build.0 = Debug|Any CPU
		{24CE3C36-16B9-426D-AA0C-5961ECF8D88C}.Debug|ARM.Deploy.0 = Debug|Any CPU
		{24CE3C36-16B9-426D-AA0C-5961ECF8D88C}.Debug|iPhone.ActiveCfg = Debug|Any CPU
		{24CE3C36-16B9-426D-AA0C-5961ECF8D88C}.Debug|iPhone.Build.0 = Debug|Any CPU
		{24CE3C36-16B9-426D-AA0C-5961ECF8D88C}.Debug|iPhone.Deploy.0 = Debug|Any CPU
		{24CE3C36-16B9-426D-AA0C-5961ECF8D88C}.Debug|iPhoneSimulator.ActiveCfg = Debug|Any CPU
		{24CE3C36-16B9-426D-AA0C-5961ECF8D88C}.Debug|iPhoneSimulator.Build.0 = Debug|Any CPU
		{24CE3C36-16B9-426D-AA0C-5961ECF8D88C}.Debug|iPhoneSimulator.Deploy.0 = Debug|Any CPU
		{24CE3C36-16B9-426D-AA0C-5961ECF8D88C}.Debug|x64.ActiveCfg = Debug|Any CPU
		{24CE3C36-16B9-426D-AA0C-5961ECF8D88C}.Debug|x64.Build.0 = Debug|Any CPU
		{24CE3C36-16B9-426D-AA0C-5961ECF8D88C}.Debug|x64.Deploy.0 = Debug|Any CPU
		{24CE3C36-16B9-426D-AA0C-5961ECF8D88C}.Debug|x86.ActiveCfg = Debug|Any CPU
		{24CE3C36-16B9-426D-AA0C-5961ECF8D88C}.Debug|x86.Build.0 = Debug|Any CPU
		{24CE3C36-16B9-426D-AA0C-5961ECF8D88C}.Debug|x86.Deploy.0 = Debug|Any CPU
		{24CE3C36-16B9-426D-AA0C-5961ECF8D88C}.Release|Any CPU.ActiveCfg = Release|Any CPU
		{24CE3C36-16B9-426D-AA0C-5961ECF8D88C}.Release|Any CPU.Build.0 = Release|Any CPU
		{24CE3C36-16B9-426D-AA0C-5961ECF8D88C}.Release|Any CPU.Deploy.0 = Release|Any CPU
		{24CE3C36-16B9-426D-AA0C-5961ECF8D88C}.Release|ARM.ActiveCfg = Release|Any CPU
		{24CE3C36-16B9-426D-AA0C-5961ECF8D88C}.Release|ARM.Build.0 = Release|Any CPU
		{24CE3C36-16B9-426D-AA0C-5961ECF8D88C}.Release|ARM.Deploy.0 = Release|Any CPU
		{24CE3C36-16B9-426D-AA0C-5961ECF8D88C}.Release|iPhone.ActiveCfg = Release|Any CPU
		{24CE3C36-16B9-426D-AA0C-5961ECF8D88C}.Release|iPhone.Build.0 = Release|Any CPU
		{24CE3C36-16B9-426D-AA0C-5961ECF8D88C}.Release|iPhone.Deploy.0 = Release|Any CPU
		{24CE3C36-16B9-426D-AA0C-5961ECF8D88C}.Release|iPhoneSimulator.ActiveCfg = Release|Any CPU
		{24CE3C36-16B9-426D-AA0C-5961ECF8D88C}.Release|iPhoneSimulator.Build.0 = Release|Any CPU
		{24CE3C36-16B9-426D-AA0C-5961ECF8D88C}.Release|iPhoneSimulator.Deploy.0 = Release|Any CPU
		{24CE3C36-16B9-426D-AA0C-5961ECF8D88C}.Release|x64.ActiveCfg = Release|Any CPU
		{24CE3C36-16B9-426D-AA0C-5961ECF8D88C}.Release|x64.Build.0 = Release|Any CPU
		{24CE3C36-16B9-426D-AA0C-5961ECF8D88C}.Release|x64.Deploy.0 = Release|Any CPU
		{24CE3C36-16B9-426D-AA0C-5961ECF8D88C}.Release|x86.ActiveCfg = Release|Any CPU
		{24CE3C36-16B9-426D-AA0C-5961ECF8D88C}.Release|x86.Build.0 = Release|Any CPU
		{24CE3C36-16B9-426D-AA0C-5961ECF8D88C}.Release|x86.Deploy.0 = Release|Any CPU
		{CC5FDBD0-DD5E-4F8C-91F1-38126D2C3A5B}.Debug|Any CPU.ActiveCfg = Debug|iPhone
		{CC5FDBD0-DD5E-4F8C-91F1-38126D2C3A5B}.Debug|ARM.ActiveCfg = Debug|iPhone
		{CC5FDBD0-DD5E-4F8C-91F1-38126D2C3A5B}.Debug|iPhone.ActiveCfg = Debug|iPhone
		{CC5FDBD0-DD5E-4F8C-91F1-38126D2C3A5B}.Debug|iPhone.Build.0 = Debug|iPhone
		{CC5FDBD0-DD5E-4F8C-91F1-38126D2C3A5B}.Debug|iPhoneSimulator.ActiveCfg = Debug|iPhoneSimulator
		{CC5FDBD0-DD5E-4F8C-91F1-38126D2C3A5B}.Debug|iPhoneSimulator.Build.0 = Debug|iPhoneSimulator
		{CC5FDBD0-DD5E-4F8C-91F1-38126D2C3A5B}.Debug|x64.ActiveCfg = Debug|iPhone
		{CC5FDBD0-DD5E-4F8C-91F1-38126D2C3A5B}.Debug|x86.ActiveCfg = Debug|iPhone
		{CC5FDBD0-DD5E-4F8C-91F1-38126D2C3A5B}.Release|Any CPU.ActiveCfg = Release|iPhone
		{CC5FDBD0-DD5E-4F8C-91F1-38126D2C3A5B}.Release|ARM.ActiveCfg = Release|iPhone
		{CC5FDBD0-DD5E-4F8C-91F1-38126D2C3A5B}.Release|iPhone.ActiveCfg = Release|iPhone
		{CC5FDBD0-DD5E-4F8C-91F1-38126D2C3A5B}.Release|iPhone.Build.0 = Release|iPhone
		{CC5FDBD0-DD5E-4F8C-91F1-38126D2C3A5B}.Release|iPhoneSimulator.ActiveCfg = Release|iPhoneSimulator
		{CC5FDBD0-DD5E-4F8C-91F1-38126D2C3A5B}.Release|iPhoneSimulator.Build.0 = Release|iPhoneSimulator
		{CC5FDBD0-DD5E-4F8C-91F1-38126D2C3A5B}.Release|x64.ActiveCfg = Release|iPhone
		{CC5FDBD0-DD5E-4F8C-91F1-38126D2C3A5B}.Release|x86.ActiveCfg = Release|iPhone
		{9CE9891F-483A-427B-81E1-D28E3973E39F}.Debug|Any CPU.ActiveCfg = Debug|x86
		{9CE9891F-483A-427B-81E1-D28E3973E39F}.Debug|ARM.ActiveCfg = Debug|ARM
		{9CE9891F-483A-427B-81E1-D28E3973E39F}.Debug|ARM.Build.0 = Debug|ARM
		{9CE9891F-483A-427B-81E1-D28E3973E39F}.Debug|ARM.Deploy.0 = Debug|ARM
		{9CE9891F-483A-427B-81E1-D28E3973E39F}.Debug|iPhone.ActiveCfg = Debug|x86
		{9CE9891F-483A-427B-81E1-D28E3973E39F}.Debug|iPhoneSimulator.ActiveCfg = Debug|x86
		{9CE9891F-483A-427B-81E1-D28E3973E39F}.Debug|x64.ActiveCfg = Debug|x64
		{9CE9891F-483A-427B-81E1-D28E3973E39F}.Debug|x64.Build.0 = Debug|x64
		{9CE9891F-483A-427B-81E1-D28E3973E39F}.Debug|x64.Deploy.0 = Debug|x64
		{9CE9891F-483A-427B-81E1-D28E3973E39F}.Debug|x86.ActiveCfg = Debug|x86
		{9CE9891F-483A-427B-81E1-D28E3973E39F}.Debug|x86.Build.0 = Debug|x86
		{9CE9891F-483A-427B-81E1-D28E3973E39F}.Debug|x86.Deploy.0 = Debug|x86
		{9CE9891F-483A-427B-81E1-D28E3973E39F}.Release|Any CPU.ActiveCfg = Release|x86
		{9CE9891F-483A-427B-81E1-D28E3973E39F}.Release|ARM.ActiveCfg = Release|ARM
		{9CE9891F-483A-427B-81E1-D28E3973E39F}.Release|ARM.Build.0 = Release|ARM
		{9CE9891F-483A-427B-81E1-D28E3973E39F}.Release|ARM.Deploy.0 = Release|ARM
		{9CE9891F-483A-427B-81E1-D28E3973E39F}.Release|iPhone.ActiveCfg = Release|x86
		{9CE9891F-483A-427B-81E1-D28E3973E39F}.Release|iPhoneSimulator.ActiveCfg = Release|x86
		{9CE9891F-483A-427B-81E1-D28E3973E39F}.Release|x64.ActiveCfg = Release|x64
		{9CE9891F-483A-427B-81E1-D28E3973E39F}.Release|x64.Build.0 = Release|x64
		{9CE9891F-483A-427B-81E1-D28E3973E39F}.Release|x64.Deploy.0 = Release|x64
		{9CE9891F-483A-427B-81E1-D28E3973E39F}.Release|x86.ActiveCfg = Release|x86
		{9CE9891F-483A-427B-81E1-D28E3973E39F}.Release|x86.Build.0 = Release|x86
		{9CE9891F-483A-427B-81E1-D28E3973E39F}.Release|x86.Deploy.0 = Release|x86
		{ADA5AD21-33F7-4AB3-B418-CE9E5FAD88D3}.Debug|Any CPU.ActiveCfg = Debug|Any CPU
		{ADA5AD21-33F7-4AB3-B418-CE9E5FAD88D3}.Debug|Any CPU.Build.0 = Debug|Any CPU
		{ADA5AD21-33F7-4AB3-B418-CE9E5FAD88D3}.Debug|ARM.ActiveCfg = Debug|Any CPU
		{ADA5AD21-33F7-4AB3-B418-CE9E5FAD88D3}.Debug|ARM.Build.0 = Debug|Any CPU
		{ADA5AD21-33F7-4AB3-B418-CE9E5FAD88D3}.Debug|iPhone.ActiveCfg = Debug|Any CPU
		{ADA5AD21-33F7-4AB3-B418-CE9E5FAD88D3}.Debug|iPhone.Build.0 = Debug|Any CPU
		{ADA5AD21-33F7-4AB3-B418-CE9E5FAD88D3}.Debug|iPhoneSimulator.ActiveCfg = Debug|Any CPU
		{ADA5AD21-33F7-4AB3-B418-CE9E5FAD88D3}.Debug|iPhoneSimulator.Build.0 = Debug|Any CPU
		{ADA5AD21-33F7-4AB3-B418-CE9E5FAD88D3}.Debug|x64.ActiveCfg = Debug|Any CPU
		{ADA5AD21-33F7-4AB3-B418-CE9E5FAD88D3}.Debug|x64.Build.0 = Debug|Any CPU
		{ADA5AD21-33F7-4AB3-B418-CE9E5FAD88D3}.Debug|x86.ActiveCfg = Debug|Any CPU
		{ADA5AD21-33F7-4AB3-B418-CE9E5FAD88D3}.Debug|x86.Build.0 = Debug|Any CPU
		{ADA5AD21-33F7-4AB3-B418-CE9E5FAD88D3}.Release|Any CPU.ActiveCfg = Release|Any CPU
		{ADA5AD21-33F7-4AB3-B418-CE9E5FAD88D3}.Release|Any CPU.Build.0 = Release|Any CPU
		{ADA5AD21-33F7-4AB3-B418-CE9E5FAD88D3}.Release|ARM.ActiveCfg = Release|Any CPU
		{ADA5AD21-33F7-4AB3-B418-CE9E5FAD88D3}.Release|ARM.Build.0 = Release|Any CPU
		{ADA5AD21-33F7-4AB3-B418-CE9E5FAD88D3}.Release|iPhone.ActiveCfg = Release|Any CPU
		{ADA5AD21-33F7-4AB3-B418-CE9E5FAD88D3}.Release|iPhone.Build.0 = Release|Any CPU
		{ADA5AD21-33F7-4AB3-B418-CE9E5FAD88D3}.Release|iPhoneSimulator.ActiveCfg = Release|Any CPU
		{ADA5AD21-33F7-4AB3-B418-CE9E5FAD88D3}.Release|iPhoneSimulator.Build.0 = Release|Any CPU
		{ADA5AD21-33F7-4AB3-B418-CE9E5FAD88D3}.Release|x64.ActiveCfg = Release|Any CPU
		{ADA5AD21-33F7-4AB3-B418-CE9E5FAD88D3}.Release|x64.Build.0 = Release|Any CPU
		{ADA5AD21-33F7-4AB3-B418-CE9E5FAD88D3}.Release|x86.ActiveCfg = Release|Any CPU
		{ADA5AD21-33F7-4AB3-B418-CE9E5FAD88D3}.Release|x86.Build.0 = Release|Any CPU
	EndGlobalSection
	GlobalSection(SolutionProperties) = preSolution
		HideSolutionNode = FALSE
	EndGlobalSection
	GlobalSection(NestedProjects) = preSolution
		{F0DAC35B-B511-4ABC-AC85-C3872D7B0B90} = {F9FB9305-5441-4CED-8F5E-B222C5A546F3}
		{24CE3C36-16B9-426D-AA0C-5961ECF8D88C} = {645B5378-626F-4BCF-AD92-6DB2D5775DD6}
		{CC5FDBD0-DD5E-4F8C-91F1-38126D2C3A5B} = {645B5378-626F-4BCF-AD92-6DB2D5775DD6}
		{9CE9891F-483A-427B-81E1-D28E3973E39F} = {645B5378-626F-4BCF-AD92-6DB2D5775DD6}
		{ADA5AD21-33F7-4AB3-B418-CE9E5FAD88D3} = {645B5378-626F-4BCF-AD92-6DB2D5775DD6}
	EndGlobalSection
	GlobalSection(ExtensibilityGlobals) = postSolution
		SolutionGuid = {0C2AD1FD-106D-4F34-83EC-50F0BC81F021}
	EndGlobalSection
EndGlobal
